
Microsoft Visual Studio Solution File, Format Version 12.00
# Visual Studio Version 17
VisualStudioVersion = 17.14.36915.13
MinimumVisualStudioVersion = 10.0.40219.1
Project("{FAE04EC0-301F-11D3-BF4B-00C04F79EFBC}") = "T000_WPFControlDemo", "T000_WPFControlDemo\T000_WPFControlDemo.csproj", "{F3BD1163-5A4B-4137-A15A-63B955894795}"
EndProject
Project("{FAE04EC0-301F-11D3-BF4B-00C04F79EFBC}") = "T001_Wpf入门", "T001_Wpf入门\T001_Wpf入门.csproj", "{5FEF8883-51E1-49B5-B7AA-B42793729A4F}"
EndProject
Project("{FAE04EC0-301F-11D3-BF4B-00C04F79EFBC}") = "T002_Application的生命周期", "T002_Application的生命周期\T002_Application的生命周期.csproj", "{C1D416B2-868E-488F-A816-699097DD2214}"
EndProject
Global
	GlobalSection(SolutionConfigurationPlatforms) = preSolution
		Debug|Any CPU = Debug|Any CPU
		Release|Any CPU = Release|Any CPU
	EndGlobalSection
	GlobalSection(ProjectConfigurationPlatforms) = postSolution
		{F3BD1163-5A4B-4137-A15A-63B955894795}.Debug|Any CPU.ActiveCfg = Debug|Any CPU
		{F3BD1163-5A4B-4137-A15A-63B955894795}.Debug|Any CPU.Build.0 = Debug|Any CPU
		{F3BD1163-5A4B-4137-A15A-63B955894795}.Release|Any CPU.ActiveCfg = Release|Any CPU
		{F3BD1163-5A4B-4137-A15A-63B955894795}.Release|Any CPU.Build.0 = Release|Any CPU
		{5FEF8883-51E1-49B5-B7AA-B42793729A4F}.Debug|Any CPU.ActiveCfg = Debug|Any CPU
		{5FEF8883-51E1-49B5-B7AA-B42793729A4F}.Debug|Any CPU.Build.0 = Debug|Any CPU
		{5FEF8883-51E1-49B5-B7AA-B42793729A4F}.Release|Any CPU.ActiveCfg = Release|Any CPU
		{5FEF8883-51E1-49B5-B7AA-B42793729A4F}.Release|Any CPU.Build.0 = Release|Any CPU
		{C1D416B2-868E-488F-A816-699097DD2214}.Debug|Any CPU.ActiveCfg = Debug|Any CPU
		{C1D416B2-868E-488F-A816-699097DD2214}.Debug|Any CPU.Build.0 = Debug|Any CPU
		{C1D416B2-868E-488F-A816-699097DD2214}.Release|Any CPU.ActiveCfg = Release|Any CPU
		{C1D416B2-868E-488F-A816-699097DD2214}.Release|Any CPU.Build.0 = Release|Any CPU
	EndGlobalSection
	GlobalSection(SolutionProperties) = preSolution
		HideSolutionNode = FALSE
	EndGlobalSection
	GlobalSection(ExtensibilityGlobals) = postSolution
		SolutionGuid = {D5C5AB9A-37BF-4C96-9ADF-FE672777EA17}
	EndGlobalSection
EndGlobal
