
Microsoft Visual Studio Solution File, Format Version 12.00
# Visual Studio Version 18
VisualStudioVersion = 18.7.11925.98 stable
MinimumVisualStudioVersion = 10.0.40219.1
Project("{FAE04EC0-301F-11D3-BF4B-00C04F79EFBC}") = "T000_WPFControlDemo", "T000_WPFControlDemo\T000_WPFControlDemo.csproj", "{F3BD1163-5A4B-4137-A15A-63B955894795}"
EndProject
Project("{FAE04EC0-301F-11D3-BF4B-00C04F79EFBC}") = "T001_Wpf入门", "T001_Wpf入门\T001_Wpf入门.csproj", "{5FEF8883-51E1-49B5-B7AA-B42793729A4F}"
EndProject
Project("{FAE04EC0-301F-11D3-BF4B-00C04F79EFBC}") = "T002_Application的生命周期", "T002_Application的生命周期\T002_Application的生命周期.csproj", "{C1D416B2-868E-488F-A816-699097DD2214}"
EndProject
Project("{FAE04EC0-301F-11D3-BF4B-00C04F79EFBC}") = "T003_VirtualizingStackPanelDemo", "T003_VirtualizingStackPanelDemo\T003_VirtualizingStackPanelDemo.csproj", "{2F82D599-F1E9-4031-9BDB-91A90750E400}"
EndProject
Project("{FAE04EC0-301F-11D3-BF4B-00C04F79EFBC}") = "T004_VirtualizingStackPanelDemo", "T004_VirtualizingStackPanelDemo\T004_VirtualizingStackPanelDemo.csproj", "{9202DE9C-D0FF-4476-BD14-84D375432B81}"
EndProject
Project("{FAE04EC0-301F-11D3-BF4B-00C04F79EFBC}") = "T005_WPFCanvasDemo", "T005_WPFCanvasDemo\T005_WPFCanvasDemo.csproj", "{A24B0B4D-9AD1-415F-9C1B-97469FB7D55C}"
EndProject
Project("{FAE04EC0-301F-11D3-BF4B-00C04F79EFBC}") = "T006_WPFBorderDemo", "T006_BorderDemo\T006_WPFBorderDemo.csproj", "{C29C4CCA-9230-4D22-AE0B-793E37E41B47}"
EndProject
Project("{FAE04EC0-301F-11D3-BF4B-00C04F79EFBC}") = "T007001_WPFLayoutDemo", "T007001_WPFLayoutDemo\T007001_WPFLayoutDemo.csproj", "{F76C50B2-3158-40C1-9DA7-321ADF4AFBEF}"
EndProject
Project("{FAE04EC0-301F-11D3-BF4B-00C04F79EFBC}") = "T007002_WPFLayoutDemo", "T007002_WPFLayoutDemo\T007002_WPFLayoutDemo.csproj", "{5BCAC86E-FDBA-4D2A-B276-A7DB734CEFED}"
EndProject
Project("{FAE04EC0-301F-11D3-BF4B-00C04F79EFBC}") = "T007003_WPFLayoutDemo", "T007003_WPFLayoutDemo\T007003_WPFLayoutDemo.csproj", "{C8FA5842-D777-4C32-9EA7-0E49F29C77A9}"
EndProject
Project("{FAE04EC0-301F-11D3-BF4B-00C04F79EFBC}") = "T007004_WPFLayoutDemo", "T007004_WPFLayoutDemo\T007004_WPFLayoutDemo.csproj", "{14358645-06B3-4C78-AD9F-93E8223D7A04}"
EndProject
Project("{FAE04EC0-301F-11D3-BF4B-00C04F79EFBC}") = "T007005_WPFLayoutDemo", "T007005_WPFLayoutDemo\T007005_WPFLayoutDemo.csproj", "{61EF252B-3D77-401B-A45C-6C3AEB02B9B2}"
EndProject
Project("{FAE04EC0-301F-11D3-BF4B-00C04F79EFBC}") = "T007006_WPFLayoutDemo", "T007006_WPFLayoutDemo\T007006_WPFLayoutDemo.csproj", "{4C93E9C1-9050-4F8A-88D4-52714991D540}"
EndProject
Project("{FAE04EC0-301F-11D3-BF4B-00C04F79EFBC}") = "T007007_WPFLayoutDemo", "T007007_WPFLayoutDemo\T007007_WPFLayoutDemo.csproj", "{35EA33E0-B0B1-4998-A932-6C0722E44D35}"
EndProject
Project("{FAE04EC0-301F-11D3-BF4B-00C04F79EFBC}") = "T007008_WPFLayoutDemo", "T007008_WPFLayoutDemo\T007008_WPFLayoutDemo.csproj", "{929C5AF6-273D-4EDA-BFD9-B1438B70C76D}"
EndProject
Project("{FAE04EC0-301F-11D3-BF4B-00C04F79EFBC}") = "T007009_WPFLayoutDemo", "T007009_WPFLayoutDemo\T007009_WPFLayoutDemo.csproj", "{64D05EF9-61DD-4918-BB6A-B12ECD3AA7DA}"
EndProject
Project("{FAE04EC0-301F-11D3-BF4B-00C04F79EFBC}") = "T007010_WPFLayoutDemo", "T007010_WPFLayoutDemo\T007010_WPFLayoutDemo.csproj", "{EC13E50B-2FBE-4484-92AA-E95FEEDC0087}"
EndProject
Project("{FAE04EC0-301F-11D3-BF4B-00C04F79EFBC}") = "T007011_WPFLayoutDemo", "T007011_WPFLayoutDemo\T007011_WPFLayoutDemo.csproj", "{61C71544-5645-4145-94FF-4E102A31B7B4}"
EndProject
Project("{FAE04EC0-301F-11D3-BF4B-00C04F79EFBC}") = "T007012_WPFLayoutDemo", "T007012_WPFLayoutDemo\T007012_WPFLayoutDemo.csproj", "{ED772DBB-6BF7-448B-8CF2-AC5D6D9D8344}"
EndProject
Project("{FAE04EC0-301F-11D3-BF4B-00C04F79EFBC}") = "T007013_WPFLayoutDemo", "T007013_WPFLayoutDemo\T007013_WPFLayoutDemo.csproj", "{C2BF8208-2BF4-4214-AE47-2AA3553F614C}"
EndProject
Project("{FAE04EC0-301F-11D3-BF4B-00C04F79EFBC}") = "T007014_WPFLayoutDemo", "T007014_WPFLayoutDemo\T007014_WPFLayoutDemo.csproj", "{FFAF1BC7-65BC-4DB6-B176-CEEA1D002A32}"
EndProject
Project("{FAE04EC0-301F-11D3-BF4B-00C04F79EFBC}") = "T007015_WPFLayoutDemo", "T007015_WPFLayoutDemo\T007015_WPFLayoutDemo.csproj", "{C754FE6A-C0AC-4D7E-83D2-4EE6C50028CE}"
EndProject
Project("{FAE04EC0-301F-11D3-BF4B-00C04F79EFBC}") = "T007016_WPFLayoutDemo", "T007016_WPFLayoutDemo\T007016_WPFLayoutDemo.csproj", "{22B8A901-A3EB-41BE-9E37-6F0CD7F0BD78}"
EndProject
Project("{FAE04EC0-301F-11D3-BF4B-00C04F79EFBC}") = "T007017_WPFLayoutDemo", "T007017_WPFLayoutDemo\T007017_WPFLayoutDemo.csproj", "{01D875BF-0CE9-4DD5-BDFF-58C298833737}"
EndProject
Project("{FAE04EC0-301F-11D3-BF4B-00C04F79EFBC}") = "T007018_WPFLayoutDemo", "T007018_WPFLayoutDemo\T007018_WPFLayoutDemo.csproj", "{8333620A-4268-45BD-BF15-F3EE84D2F3B9}"
EndProject
Project("{FAE04EC0-301F-11D3-BF4B-00C04F79EFBC}") = "T007019_WPFLayoutDemo", "T007019_WPFLayoutDemo\T007019_WPFLayoutDemo.csproj", "{E7AE304C-B38E-4C05-841A-B3B762532616}"
EndProject
Project("{FAE04EC0-301F-11D3-BF4B-00C04F79EFBC}") = "T007020_WPFLayoutDemo", "T007020_WPFLayoutDemo\T007020_WPFLayoutDemo.csproj", "{B48FE05F-3919-4C0C-AE20-1F5BC8F7410B}"
EndProject
Project("{FAE04EC0-301F-11D3-BF4B-00C04F79EFBC}") = "T007021_WPFLayoutDemo", "T007021_WPFLayoutDemo\T007021_WPFLayoutDemo.csproj", "{5082784E-36FD-42D7-A374-1845507A0060}"
EndProject
Project("{FAE04EC0-301F-11D3-BF4B-00C04F79EFBC}") = "T007022_WPFLayoutDemo", "T007022_WPFLayoutDemo\T007022_WPFLayoutDemo.csproj", "{F0876744-B62C-48F6-8DD7-A08FD62E2988}"
EndProject
Project("{FAE04EC0-301F-11D3-BF4B-00C04F79EFBC}") = "T007023_WPFLayoutCanvasDemo", "T007023_WPFLayoutCanvasDemo\T007023_WPFLayoutCanvasDemo.csproj", "{91BFB438-AFA6-4376-AC5E-F78059180E35}"
EndProject
Project("{FAE04EC0-301F-11D3-BF4B-00C04F79EFBC}") = "T007023_WPFLayoutDockPanelDemo", "T007024_WPFLayoutCanvasDockPanelDemo\T007023_WPFLayoutDockPanelDemo.csproj", "{856B680C-122B-4B6A-8257-357304E79E7B}"
EndProject
Project("{FAE04EC0-301F-11D3-BF4B-00C04F79EFBC}") = "T007023_WPFLayoutStackPanelMarginDemo", "T007023_WPFLayoutCanvas StackPanelMarginDemo\T007023_WPFLayoutStackPanelMarginDemo.csproj", "{61386017-5CF0-4BC1-A615-DF4247759AC2}"
EndProject
Project("{FAE04EC0-301F-11D3-BF4B-00C04F79EFBC}") = "T007023_WPFLayoutRenderTransformDemo", "T007023_WPFLayoutRenderTransformDemo\T007023_WPFLayoutRenderTransformDemo.csproj", "{29375525-413A-4945-9247-B8D1F9B687EE}"
EndProject
Project("{FAE04EC0-301F-11D3-BF4B-00C04F79EFBC}") = "T007024_WPFLayoutGridSplitterDemo", "T007023_WPFLayoutGridSplitterDemo\T007024_WPFLayoutGridSplitterDemo.csproj", "{6B4AD0B6-4CC4-411D-9BC8-815CB14EEF39}"
EndProject
Project("{FAE04EC0-301F-11D3-BF4B-00C04F79EFBC}") = "T007025_WPFLayoutGridSplitterDemo", "T007025_WPFLayoutGridSplitterDemo\T007025_WPFLayoutGridSplitterDemo.csproj", "{10E90832-4F77-4E9B-8C99-992FAC9E055D}"
EndProject
Project("{FAE04EC0-301F-11D3-BF4B-00C04F79EFBC}") = "T007026_WPFLayoutDemo", "T007026_WPFLayoutDemo\T007026_WPFLayoutDemo.csproj", "{38E3C1BF-6EC3-48F2-9930-438F4AD60AFA}"
EndProject
Project("{FAE04EC0-301F-11D3-BF4B-00C04F79EFBC}") = "T008001_WPFProgressBarDemo", "T008001_WPFProgressBarDemo\T008001_WPFProgressBarDemo.csproj", "{86121F48-7FB6-49A6-9B6A-8F8D5D46C5FA}"
EndProject
Project("{FAE04EC0-301F-11D3-BF4B-00C04F79EFBC}") = "T999999_WPFDataGridDemo", "..\T999999_WPFDataGridDemo\T999999_WPFDataGridDemo\T999999_WPFDataGridDemo.csproj", "{05F692FD-8A1B-4BA6-BAB6-B231581898F1}"
EndProject
Global
	GlobalSection(SolutionConfigurationPlatforms) = preSolution
		Debug|Any CPU = Debug|Any CPU
		Release|Any CPU = Release|Any CPU
	EndGlobalSection
	GlobalSection(ProjectConfigurationPlatforms) = postSolution
		{F3BD1163-5A4B-4137-A15A-63B955894795}.Debug|Any CPU.ActiveCfg = Debug|Any CPU
		{F3BD1163-5A4B-4137-A15A-63B955894795}.Debug|Any CPU.Build.0 = Debug|Any CPU
		{F3BD1163-5A4B-4137-A15A-63B955894795}.Release|Any CPU.ActiveCfg = Release|Any CPU
		{F3BD1163-5A4B-4137-A15A-63B955894795}.Release|Any CPU.Build.0 = Release|Any CPU
		{5FEF8883-51E1-49B5-B7AA-B42793729A4F}.Debug|Any CPU.ActiveCfg = Debug|Any CPU
		{5FEF8883-51E1-49B5-B7AA-B42793729A4F}.Debug|Any CPU.Build.0 = Debug|Any CPU
		{5FEF8883-51E1-49B5-B7AA-B42793729A4F}.Release|Any CPU.ActiveCfg = Release|Any CPU
		{5FEF8883-51E1-49B5-B7AA-B42793729A4F}.Release|Any CPU.Build.0 = Release|Any CPU
		{C1D416B2-868E-488F-A816-699097DD2214}.Debug|Any CPU.ActiveCfg = Debug|Any CPU
		{C1D416B2-868E-488F-A816-699097DD2214}.Debug|Any CPU.Build.0 = Debug|Any CPU
		{C1D416B2-868E-488F-A816-699097DD2214}.Release|Any CPU.ActiveCfg = Release|Any CPU
		{C1D416B2-868E-488F-A816-699097DD2214}.Release|Any CPU.Build.0 = Release|Any CPU
		{2F82D599-F1E9-4031-9BDB-91A90750E400}.Debug|Any CPU.ActiveCfg = Debug|Any CPU
		{2F82D599-F1E9-4031-9BDB-91A90750E400}.Debug|Any CPU.Build.0 = Debug|Any CPU
		{2F82D599-F1E9-4031-9BDB-91A90750E400}.Release|Any CPU.ActiveCfg = Release|Any CPU
		{2F82D599-F1E9-4031-9BDB-91A90750E400}.Release|Any CPU.Build.0 = Release|Any CPU
		{9202DE9C-D0FF-4476-BD14-84D375432B81}.Debug|Any CPU.ActiveCfg = Debug|Any CPU
		{9202DE9C-D0FF-4476-BD14-84D375432B81}.Debug|Any CPU.Build.0 = Debug|Any CPU
		{9202DE9C-D0FF-4476-BD14-84D375432B81}.Release|Any CPU.ActiveCfg = Release|Any CPU
		{9202DE9C-D0FF-4476-BD14-84D375432B81}.Release|Any CPU.Build.0 = Release|Any CPU
		{A24B0B4D-9AD1-415F-9C1B-97469FB7D55C}.Debug|Any CPU.ActiveCfg = Debug|Any CPU
		{A24B0B4D-9AD1-415F-9C1B-97469FB7D55C}.Debug|Any CPU.Build.0 = Debug|Any CPU
		{A24B0B4D-9AD1-415F-9C1B-97469FB7D55C}.Release|Any CPU.ActiveCfg = Release|Any CPU
		{A24B0B4D-9AD1-415F-9C1B-97469FB7D55C}.Release|Any CPU.Build.0 = Release|Any CPU
		{C29C4CCA-9230-4D22-AE0B-793E37E41B47}.Debug|Any CPU.ActiveCfg = Debug|Any CPU
		{C29C4CCA-9230-4D22-AE0B-793E37E41B47}.Debug|Any CPU.Build.0 = Debug|Any CPU
		{C29C4CCA-9230-4D22-AE0B-793E37E41B47}.Release|Any CPU.ActiveCfg = Release|Any CPU
		{C29C4CCA-9230-4D22-AE0B-793E37E41B47}.Release|Any CPU.Build.0 = Release|Any CPU
		{F76C50B2-3158-40C1-9DA7-321ADF4AFBEF}.Debug|Any CPU.ActiveCfg = Debug|Any CPU
		{F76C50B2-3158-40C1-9DA7-321ADF4AFBEF}.Debug|Any CPU.Build.0 = Debug|Any CPU
		{F76C50B2-3158-40C1-9DA7-321ADF4AFBEF}.Release|Any CPU.ActiveCfg = Release|Any CPU
		{F76C50B2-3158-40C1-9DA7-321ADF4AFBEF}.Release|Any CPU.Build.0 = Release|Any CPU
		{5BCAC86E-FDBA-4D2A-B276-A7DB734CEFED}.Debug|Any CPU.ActiveCfg = Debug|Any CPU
		{5BCAC86E-FDBA-4D2A-B276-A7DB734CEFED}.Debug|Any CPU.Build.0 = Debug|Any CPU
		{5BCAC86E-FDBA-4D2A-B276-A7DB734CEFED}.Release|Any CPU.ActiveCfg = Release|Any CPU
		{5BCAC86E-FDBA-4D2A-B276-A7DB734CEFED}.Release|Any CPU.Build.0 = Release|Any CPU
		{C8FA5842-D777-4C32-9EA7-0E49F29C77A9}.Debug|Any CPU.ActiveCfg = Debug|Any CPU
		{C8FA5842-D777-4C32-9EA7-0E49F29C77A9}.Debug|Any CPU.Build.0 = Debug|Any CPU
		{C8FA5842-D777-4C32-9EA7-0E49F29C77A9}.Release|Any CPU.ActiveCfg = Release|Any CPU
		{C8FA5842-D777-4C32-9EA7-0E49F29C77A9}.Release|Any CPU.Build.0 = Release|Any CPU
		{14358645-06B3-4C78-AD9F-93E8223D7A04}.Debug|Any CPU.ActiveCfg = Debug|Any CPU
		{14358645-06B3-4C78-AD9F-93E8223D7A04}.Debug|Any CPU.Build.0 = Debug|Any CPU
		{14358645-06B3-4C78-AD9F-93E8223D7A04}.Release|Any CPU.ActiveCfg = Release|Any CPU
		{14358645-06B3-4C78-AD9F-93E8223D7A04}.Release|Any CPU.Build.0 = Release|Any CPU
		{61EF252B-3D77-401B-A45C-6C3AEB02B9B2}.Debug|Any CPU.ActiveCfg = Debug|Any CPU
		{61EF252B-3D77-401B-A45C-6C3AEB02B9B2}.Debug|Any CPU.Build.0 = Debug|Any CPU
		{61EF252B-3D77-401B-A45C-6C3AEB02B9B2}.Release|Any CPU.ActiveCfg = Release|Any CPU
		{61EF252B-3D77-401B-A45C-6C3AEB02B9B2}.Release|Any CPU.Build.0 = Release|Any CPU
		{4C93E9C1-9050-4F8A-88D4-52714991D540}.Debug|Any CPU.ActiveCfg = Debug|Any CPU
		{4C93E9C1-9050-4F8A-88D4-52714991D540}.Debug|Any CPU.Build.0 = Debug|Any CPU
		{4C93E9C1-9050-4F8A-88D4-52714991D540}.Release|Any CPU.ActiveCfg = Release|Any CPU
		{4C93E9C1-9050-4F8A-88D4-52714991D540}.Release|Any CPU.Build.0 = Release|Any CPU
		{35EA33E0-B0B1-4998-A932-6C0722E44D35}.Debug|Any CPU.ActiveCfg = Debug|Any CPU
		{35EA33E0-B0B1-4998-A932-6C0722E44D35}.Debug|Any CPU.Build.0 = Debug|Any CPU
		{35EA33E0-B0B1-4998-A932-6C0722E44D35}.Release|Any CPU.ActiveCfg = Release|Any CPU
		{35EA33E0-B0B1-4998-A932-6C0722E44D35}.Release|Any CPU.Build.0 = Release|Any CPU
		{929C5AF6-273D-4EDA-BFD9-B1438B70C76D}.Debug|Any CPU.ActiveCfg = Debug|Any CPU
		{929C5AF6-273D-4EDA-BFD9-B1438B70C76D}.Debug|Any CPU.Build.0 = Debug|Any CPU
		{929C5AF6-273D-4EDA-BFD9-B1438B70C76D}.Release|Any CPU.ActiveCfg = Release|Any CPU
		{929C5AF6-273D-4EDA-BFD9-B1438B70C76D}.Release|Any CPU.Build.0 = Release|Any CPU
		{64D05EF9-61DD-4918-BB6A-B12ECD3AA7DA}.Debug|Any CPU.ActiveCfg = Debug|Any CPU
		{64D05EF9-61DD-4918-BB6A-B12ECD3AA7DA}.Debug|Any CPU.Build.0 = Debug|Any CPU
		{64D05EF9-61DD-4918-BB6A-B12ECD3AA7DA}.Release|Any CPU.ActiveCfg = Release|Any CPU
		{64D05EF9-61DD-4918-BB6A-B12ECD3AA7DA}.Release|Any CPU.Build.0 = Release|Any CPU
		{EC13E50B-2FBE-4484-92AA-E95FEEDC0087}.Debug|Any CPU.ActiveCfg = Debug|Any CPU
		{EC13E50B-2FBE-4484-92AA-E95FEEDC0087}.Debug|Any CPU.Build.0 = Debug|Any CPU
		{EC13E50B-2FBE-4484-92AA-E95FEEDC0087}.Release|Any CPU.ActiveCfg = Release|Any CPU
		{EC13E50B-2FBE-4484-92AA-E95FEEDC0087}.Release|Any CPU.Build.0 = Release|Any CPU
		{61C71544-5645-4145-94FF-4E102A31B7B4}.Debug|Any CPU.ActiveCfg = Debug|Any CPU
		{61C71544-5645-4145-94FF-4E102A31B7B4}.Debug|Any CPU.Build.0 = Debug|Any CPU
		{61C71544-5645-4145-94FF-4E102A31B7B4}.Release|Any CPU.ActiveCfg = Release|Any CPU
		{61C71544-5645-4145-94FF-4E102A31B7B4}.Release|Any CPU.Build.0 = Release|Any CPU
		{ED772DBB-6BF7-448B-8CF2-AC5D6D9D8344}.Debug|Any CPU.ActiveCfg = Debug|Any CPU
		{ED772DBB-6BF7-448B-8CF2-AC5D6D9D8344}.Debug|Any CPU.Build.0 = Debug|Any CPU
		{ED772DBB-6BF7-448B-8CF2-AC5D6D9D8344}.Release|Any CPU.ActiveCfg = Release|Any CPU
		{ED772DBB-6BF7-448B-8CF2-AC5D6D9D8344}.Release|Any CPU.Build.0 = Release|Any CPU
		{C2BF8208-2BF4-4214-AE47-2AA3553F614C}.Debug|Any CPU.ActiveCfg = Debug|Any CPU
		{C2BF8208-2BF4-4214-AE47-2AA3553F614C}.Debug|Any CPU.Build.0 = Debug|Any CPU
		{C2BF8208-2BF4-4214-AE47-2AA3553F614C}.Release|Any CPU.ActiveCfg = Release|Any CPU
		{C2BF8208-2BF4-4214-AE47-2AA3553F614C}.Release|Any CPU.Build.0 = Release|Any CPU
		{FFAF1BC7-65BC-4DB6-B176-CEEA1D002A32}.Debug|Any CPU.ActiveCfg = Debug|Any CPU
		{FFAF1BC7-65BC-4DB6-B176-CEEA1D002A32}.Debug|Any CPU.Build.0 = Debug|Any CPU
		{FFAF1BC7-65BC-4DB6-B176-CEEA1D002A32}.Release|Any CPU.ActiveCfg = Release|Any CPU
		{FFAF1BC7-65BC-4DB6-B176-CEEA1D002A32}.Release|Any CPU.Build.0 = Release|Any CPU
		{C754FE6A-C0AC-4D7E-83D2-4EE6C50028CE}.Debug|Any CPU.ActiveCfg = Debug|Any CPU
		{C754FE6A-C0AC-4D7E-83D2-4EE6C50028CE}.Debug|Any CPU.Build.0 = Debug|Any CPU
		{C754FE6A-C0AC-4D7E-83D2-4EE6C50028CE}.Release|Any CPU.ActiveCfg = Release|Any CPU
		{C754FE6A-C0AC-4D7E-83D2-4EE6C50028CE}.Release|Any CPU.Build.0 = Release|Any CPU
		{22B8A901-A3EB-41BE-9E37-6F0CD7F0BD78}.Debug|Any CPU.ActiveCfg = Debug|Any CPU
		{22B8A901-A3EB-41BE-9E37-6F0CD7F0BD78}.Debug|Any CPU.Build.0 = Debug|Any CPU
		{22B8A901-A3EB-41BE-9E37-6F0CD7F0BD78}.Release|Any CPU.ActiveCfg = Release|Any CPU
		{22B8A901-A3EB-41BE-9E37-6F0CD7F0BD78}.Release|Any CPU.Build.0 = Release|Any CPU
		{01D875BF-0CE9-4DD5-BDFF-58C298833737}.Debug|Any CPU.ActiveCfg = Debug|Any CPU
		{01D875BF-0CE9-4DD5-BDFF-58C298833737}.Debug|Any CPU.Build.0 = Debug|Any CPU
		{01D875BF-0CE9-4DD5-BDFF-58C298833737}.Release|Any CPU.ActiveCfg = Release|Any CPU
		{01D875BF-0CE9-4DD5-BDFF-58C298833737}.Release|Any CPU.Build.0 = Release|Any CPU
		{8333620A-4268-45BD-BF15-F3EE84D2F3B9}.Debug|Any CPU.ActiveCfg = Debug|Any CPU
		{8333620A-4268-45BD-BF15-F3EE84D2F3B9}.Debug|Any CPU.Build.0 = Debug|Any CPU
		{8333620A-4268-45BD-BF15-F3EE84D2F3B9}.Release|Any CPU.ActiveCfg = Release|Any CPU
		{8333620A-4268-45BD-BF15-F3EE84D2F3B9}.Release|Any CPU.Build.0 = Release|Any CPU
		{E7AE304C-B38E-4C05-841A-B3B762532616}.Debug|Any CPU.ActiveCfg = Debug|Any CPU
		{E7AE304C-B38E-4C05-841A-B3B762532616}.Debug|Any CPU.Build.0 = Debug|Any CPU
		{E7AE304C-B38E-4C05-841A-B3B762532616}.Release|Any CPU.ActiveCfg = Release|Any CPU
		{E7AE304C-B38E-4C05-841A-B3B762532616}.Release|Any CPU.Build.0 = Release|Any CPU
		{B48FE05F-3919-4C0C-AE20-1F5BC8F7410B}.Debug|Any CPU.ActiveCfg = Debug|Any CPU
		{B48FE05F-3919-4C0C-AE20-1F5BC8F7410B}.Debug|Any CPU.Build.0 = Debug|Any CPU
		{B48FE05F-3919-4C0C-AE20-1F5BC8F7410B}.Release|Any CPU.ActiveCfg = Release|Any CPU
		{B48FE05F-3919-4C0C-AE20-1F5BC8F7410B}.Release|Any CPU.Build.0 = Release|Any CPU
		{5082784E-36FD-42D7-A374-1845507A0060}.Debug|Any CPU.ActiveCfg = Debug|Any CPU
		{5082784E-36FD-42D7-A374-1845507A0060}.Debug|Any CPU.Build.0 = Debug|Any CPU
		{5082784E-36FD-42D7-A374-1845507A0060}.Release|Any CPU.ActiveCfg = Release|Any CPU
		{5082784E-36FD-42D7-A374-1845507A0060}.Release|Any CPU.Build.0 = Release|Any CPU
		{F0876744-B62C-48F6-8DD7-A08FD62E2988}.Debug|Any CPU.ActiveCfg = Debug|Any CPU
		{F0876744-B62C-48F6-8DD7-A08FD62E2988}.Debug|Any CPU.Build.0 = Debug|Any CPU
		{F0876744-B62C-48F6-8DD7-A08FD62E2988}.Release|Any CPU.ActiveCfg = Release|Any CPU
		{F0876744-B62C-48F6-8DD7-A08FD62E2988}.Release|Any CPU.Build.0 = Release|Any CPU
		{91BFB438-AFA6-4376-AC5E-F78059180E35}.Debug|Any CPU.ActiveCfg = Debug|Any CPU
		{91BFB438-AFA6-4376-AC5E-F78059180E35}.Debug|Any CPU.Build.0 = Debug|Any CPU
		{91BFB438-AFA6-4376-AC5E-F78059180E35}.Release|Any CPU.ActiveCfg = Release|Any CPU
		{91BFB438-AFA6-4376-AC5E-F78059180E35}.Release|Any CPU.Build.0 = Release|Any CPU
		{856B680C-122B-4B6A-8257-357304E79E7B}.Debug|Any CPU.ActiveCfg = Debug|Any CPU
		{856B680C-122B-4B6A-8257-357304E79E7B}.Debug|Any CPU.Build.0 = Debug|Any CPU
		{856B680C-122B-4B6A-8257-357304E79E7B}.Release|Any CPU.ActiveCfg = Release|Any CPU
		{856B680C-122B-4B6A-8257-357304E79E7B}.Release|Any CPU.Build.0 = Release|Any CPU
		{61386017-5CF0-4BC1-A615-DF4247759AC2}.Debug|Any CPU.ActiveCfg = Debug|Any CPU
		{61386017-5CF0-4BC1-A615-DF4247759AC2}.Debug|Any CPU.Build.0 = Debug|Any CPU
		{61386017-5CF0-4BC1-A615-DF4247759AC2}.Release|Any CPU.ActiveCfg = Release|Any CPU
		{61386017-5CF0-4BC1-A615-DF4247759AC2}.Release|Any CPU.Build.0 = Release|Any CPU
		{29375525-413A-4945-9247-B8D1F9B687EE}.Debug|Any CPU.ActiveCfg = Debug|Any CPU
		{29375525-413A-4945-9247-B8D1F9B687EE}.Debug|Any CPU.Build.0 = Debug|Any CPU
		{29375525-413A-4945-9247-B8D1F9B687EE}.Release|Any CPU.ActiveCfg = Release|Any CPU
		{29375525-413A-4945-9247-B8D1F9B687EE}.Release|Any CPU.Build.0 = Release|Any CPU
		{6B4AD0B6-4CC4-411D-9BC8-815CB14EEF39}.Debug|Any CPU.ActiveCfg = Debug|Any CPU
		{6B4AD0B6-4CC4-411D-9BC8-815CB14EEF39}.Debug|Any CPU.Build.0 = Debug|Any CPU
		{6B4AD0B6-4CC4-411D-9BC8-815CB14EEF39}.Release|Any CPU.ActiveCfg = Release|Any CPU
		{6B4AD0B6-4CC4-411D-9BC8-815CB14EEF39}.Release|Any CPU.Build.0 = Release|Any CPU
		{10E90832-4F77-4E9B-8C99-992FAC9E055D}.Debug|Any CPU.ActiveCfg = Debug|Any CPU
		{10E90832-4F77-4E9B-8C99-992FAC9E055D}.Debug|Any CPU.Build.0 = Debug|Any CPU
		{10E90832-4F77-4E9B-8C99-992FAC9E055D}.Release|Any CPU.ActiveCfg = Release|Any CPU
		{10E90832-4F77-4E9B-8C99-992FAC9E055D}.Release|Any CPU.Build.0 = Release|Any CPU
		{38E3C1BF-6EC3-48F2-9930-438F4AD60AFA}.Debug|Any CPU.ActiveCfg = Debug|Any CPU
		{38E3C1BF-6EC3-48F2-9930-438F4AD60AFA}.Debug|Any CPU.Build.0 = Debug|Any CPU
		{38E3C1BF-6EC3-48F2-9930-438F4AD60AFA}.Release|Any CPU.ActiveCfg = Release|Any CPU
		{38E3C1BF-6EC3-48F2-9930-438F4AD60AFA}.Release|Any CPU.Build.0 = Release|Any CPU
		{86121F48-7FB6-49A6-9B6A-8F8D5D46C5FA}.Debug|Any CPU.ActiveCfg = Debug|Any CPU
		{86121F48-7FB6-49A6-9B6A-8F8D5D46C5FA}.Debug|Any CPU.Build.0 = Debug|Any CPU
		{86121F48-7FB6-49A6-9B6A-8F8D5D46C5FA}.Release|Any CPU.ActiveCfg = Release|Any CPU
		{86121F48-7FB6-49A6-9B6A-8F8D5D46C5FA}.Release|Any CPU.Build.0 = Release|Any CPU
		{05F692FD-8A1B-4BA6-BAB6-B231581898F1}.Debug|Any CPU.ActiveCfg = Debug|Any CPU
		{05F692FD-8A1B-4BA6-BAB6-B231581898F1}.Debug|Any CPU.Build.0 = Debug|Any CPU
		{05F692FD-8A1B-4BA6-BAB6-B231581898F1}.Release|Any CPU.ActiveCfg = Release|Any CPU
		{05F692FD-8A1B-4BA6-BAB6-B231581898F1}.Release|Any CPU.Build.0 = Release|Any CPU
	EndGlobalSection
	GlobalSection(SolutionProperties) = preSolution
		HideSolutionNode = FALSE
	EndGlobalSection
	GlobalSection(ExtensibilityGlobals) = postSolution
		SolutionGuid = {D5C5AB9A-37BF-4C96-9ADF-FE672777EA17}
	EndGlobalSection
EndGlobal
